
Microsoft Visual Studio Solution File, Format Version 12.00
# Visual Studio Version 17
VisualStudioVersion = 17.13.35931.197 d17.13
MinimumVisualStudioVersion = 10.0.40219.1
Project("{FAE04EC0-301F-11D3-BF4B-00C04F79EFBC}") = "FrogWinFormsApp", "FrogWinFormsApp.csproj", "{12150574-6E71-42DC-9F51-8657F5EAF56D}"
EndProject
Global
	GlobalSection(SolutionConfigurationPlatforms) = preSolution
		Debug|Any CPU = Debug|Any CPU
		Release|Any CPU = Release|Any CPU
	EndGlobalSection
	GlobalSection(ProjectConfigurationPlatforms) = postSolution
		{12150574-6E71-42DC-9F51-8657F5EAF56D}.Debug|Any CPU.ActiveCfg = Debug|Any CPU
		{12150574-6E71-42DC-9F51-8657F5EAF56D}.Debug|Any CPU.Build.0 = Debug|Any CPU
		{12150574-6E71-42DC-9F51-8657F5EAF56D}.Release|Any CPU.ActiveCfg = Release|Any CPU
		{12150574-6E71-42DC-9F51-8657F5EAF56D}.Release|Any CPU.Build.0 = Release|Any CPU
	EndGlobalSection
	GlobalSection(SolutionProperties) = preSolution
		HideSolutionNode = FALSE
	EndGlobalSection
	GlobalSection(ExtensibilityGlobals) = postSolution
		SolutionGuid = {7B4FA4A0-A7D5-4354-B5C3-F794F43C3F00}
	EndGlobalSection
EndGlobal
